
Microsoft Visual Studio Solution File, Format Version 12.00
# Visual Studio 15
VisualStudioVersion = 15.0.28010.2016
MinimumVisualStudioVersion = 10.0.40219.1
Project("{9A19103F-16F7-4668-BE54-9A1E7A4F7556}") = "MurMur", "MurMur\MurMur.csproj", "{0B07491F-FF6F-45E6-A4E1-8042076444C2}"
EndProject
Project("{FAE04EC0-301F-11D3-BF4B-00C04F79EFBC}") = "MurMurExample", "Example\MurMurExample.csproj", "{95FA9AE4-F30C-4939-BCE5-4FADFF940864}"
EndProject
Global
	GlobalSection(SolutionConfigurationPlatforms) = preSolution
		Debug|Any CPU = Debug|Any CPU
		Release|Any CPU = Release|Any CPU
	EndGlobalSection
	GlobalSection(ProjectConfigurationPlatforms) = postSolution
		{0B07491F-FF6F-45E6-A4E1-8042076444C2}.Debug|Any CPU.ActiveCfg = Debug|Any CPU
		{0B07491F-FF6F-45E6-A4E1-8042076444C2}.Debug|Any CPU.Build.0 = Debug|Any CPU
		{0B07491F-FF6F-45E6-A4E1-8042076444C2}.Release|Any CPU.ActiveCfg = Release|Any CPU
		{0B07491F-FF6F-45E6-A4E1-8042076444C2}.Release|Any CPU.Build.0 = Release|Any CPU
		{95FA9AE4-F30C-4939-BCE5-4FADFF940864}.Debug|Any CPU.ActiveCfg = Debug|Any CPU
		{95FA9AE4-F30C-4939-BCE5-4FADFF940864}.Debug|Any CPU.Build.0 = Debug|Any CPU
		{95FA9AE4-F30C-4939-BCE5-4FADFF940864}.Release|Any CPU.ActiveCfg = Release|Any CPU
		{95FA9AE4-F30C-4939-BCE5-4FADFF940864}.Release|Any CPU.Build.0 = Release|Any CPU
	EndGlobalSection
	GlobalSection(SolutionProperties) = preSolution
		HideSolutionNode = FALSE
	EndGlobalSection
	GlobalSection(ExtensibilityGlobals) = postSolution
		SolutionGuid = {D4EED6D2-6C83-4922-A83A-E5BC089F92DB}
	EndGlobalSection
EndGlobal
