
Microsoft Visual Studio Solution File, Format Version 12.00
# Visual Studio 15
VisualStudioVersion = 15.0.28010.2016
MinimumVisualStudioVersion = 10.0.40219.1
Project("{FAE04EC0-301F-11D3-BF4B-00C04F79EFBC}") = "MurMur", "MurMur\MurMur.csproj", "{AB80485D-7A40-4806-AB75-F5A86D6288E3}"
EndProject
Global
	GlobalSection(SolutionConfigurationPlatforms) = preSolution
		Debug|Any CPU = Debug|Any CPU
		Release|Any CPU = Release|Any CPU
	EndGlobalSection
	GlobalSection(ProjectConfigurationPlatforms) = postSolution
		{AB80485D-7A40-4806-AB75-F5A86D6288E3}.Debug|Any CPU.ActiveCfg = Debug|Any CPU
		{AB80485D-7A40-4806-AB75-F5A86D6288E3}.Debug|Any CPU.Build.0 = Debug|Any CPU
		{AB80485D-7A40-4806-AB75-F5A86D6288E3}.Release|Any CPU.ActiveCfg = Release|Any CPU
		{AB80485D-7A40-4806-AB75-F5A86D6288E3}.Release|Any CPU.Build.0 = Release|Any CPU
	EndGlobalSection
	GlobalSection(SolutionProperties) = preSolution
		HideSolutionNode = FALSE
	EndGlobalSection
	GlobalSection(ExtensibilityGlobals) = postSolution
		SolutionGuid = {E5EE02F7-2EE2-440A-812D-D05859FE49EA}
	EndGlobalSection
EndGlobal
